
Microsoft Visual Studio Solution File, Format Version 12.00
# Visual Studio Version 16
VisualStudioVersion = 16.0.30517.126
MinimumVisualStudioVersion = 10.0.40219.1
Project("{FAE04EC0-301F-11D3-BF4B-00C04F79EFBC}") = "NavCleaner", "NavCleaner\NavCleaner.csproj", "{D00F158D-69BC-4C96-8062-3EC1082BBEB4}"
EndProject
Project("{54435603-DBB4-11D2-8724-00A0C9A8B90C}") = "NavCleanerInstall", "NavCleanerInstall\NavCleanerInstall.vdproj", "{7F752D1F-2172-4608-BDC3-8CB71BB406B8}"
EndProject
Project("{FAE04EC0-301F-11D3-BF4B-00C04F79EFBC}") = "SEGYlib", "SEGYlib\SEGYlib.csproj", "{A38434CF-EAFA-4698-8661-BC3AEE14D61C}"
EndProject
Project("{FAE04EC0-301F-11D3-BF4B-00C04F79EFBC}") = "Test2", "Test2\Test2.csproj", "{666C8FBF-DFE9-4839-A8CB-C94D8A6C5D43}"
EndProject
Project("{54435603-DBB4-11D2-8724-00A0C9A8B90C}") = "SEGYLibInstall", "SEGYLibInstall\SEGYLibInstall.vdproj", "{B80C46F4-1948-469D-B1B6-DBA9DA08C359}"
EndProject
Project("{FAE04EC0-301F-11D3-BF4B-00C04F79EFBC}") = "TestLibDeployment", "TestLibDeployment\TestLibDeployment.csproj", "{5B7293C5-3B23-4411-812B-F1794794302D}"
EndProject
Project("{FAE04EC0-301F-11D3-BF4B-00C04F79EFBC}") = "FixParasound", "FixParasound\FixParasound.csproj", "{F0413BE0-1E33-4174-A92B-EC59C25A5313}"
EndProject
Project("{FAE04EC0-301F-11D3-BF4B-00C04F79EFBC}") = "SEGYRev1ToRev0", "SEGYRev1ToRev0\SEGYRev1ToRev0.csproj", "{E1B02379-B21F-4148-962B-A94E66DD2BF3}"
EndProject
Project("{FAE04EC0-301F-11D3-BF4B-00C04F79EFBC}") = "FixSEGYRecordLength", "FixSEGYRecordLength\FixSEGYRecordLength.csproj", "{498A4BF5-54F0-48F8-9988-A67BD8E38047}"
EndProject
Project("{54435603-DBB4-11D2-8724-00A0C9A8B90C}") = "FixSegyRecordLengthInstall", "FixSegyRecordLengthInstall\FixSegyRecordLengthInstall.vdproj", "{3D798D9A-BD11-4699-8DE1-544871E79069}"
EndProject
Project("{FAE04EC0-301F-11D3-BF4B-00C04F79EFBC}") = "EditSEGYHeaders", "EditSEGYHeaders\EditSEGYHeaders.csproj", "{645B2E5B-5673-467D-98C8-FA0310F8E298}"
EndProject
Project("{FAE04EC0-301F-11D3-BF4B-00C04F79EFBC}") = "CreateTraceNumberFromShotNumber", "CreateTraceNumberFromShotNumber\CreateTraceNumberFromShotNumber.csproj", "{E67A8FB1-FEFA-4236-9F59-577582CA0D34}"
EndProject
Project("{FAE04EC0-301F-11D3-BF4B-00C04F79EFBC}") = "FixLOSSohm", "FixLOSSohm\FixLOSSohm.csproj", "{74243393-02CF-4627-947F-15922127D03F}"
EndProject
Project("{FAE04EC0-301F-11D3-BF4B-00C04F79EFBC}") = "ClipBathy2000Files", "ClipBathy2000Files\ClipBathy2000Files.csproj", "{16C0ADC1-7ECE-4A00-9BC6-B24A855634B6}"
EndProject
Project("{FAE04EC0-301F-11D3-BF4B-00C04F79EFBC}") = "FixOBSSEGY", "FixOBSSEGY\FixOBSSEGY.csproj", "{9EC190E6-11D5-419C-B53C-B8D2A903DEC9}"
EndProject
Project("{FAE04EC0-301F-11D3-BF4B-00C04F79EFBC}") = "DumpGPSfromSEGY", "DemultiplexJapanData\DumpGPSfromSEGY.csproj", "{1A992B4A-352E-4BA8-A993-6DCF8EE046C9}"
EndProject
Project("{FAE04EC0-301F-11D3-BF4B-00C04F79EFBC}") = "FixGaviaSegy", "FixGaviaSegy\FixGaviaSegy.csproj", "{CD52CC1B-E767-484A-ABB3-9FF8B69F6BD0}"
EndProject
Project("{54435603-DBB4-11D2-8724-00A0C9A8B90C}") = "FixGaviaRelease", "FixGaviaRelease\FixGaviaRelease.vdproj", "{DC7F27CF-BAD1-4F90-B244-B3504928D779}"
EndProject
Global
	GlobalSection(SolutionConfigurationPlatforms) = preSolution
		Debug|Any CPU = Debug|Any CPU
		Debug|x86 = Debug|x86
		Release|Any CPU = Release|Any CPU
		Release|x86 = Release|x86
	EndGlobalSection
	GlobalSection(ProjectConfigurationPlatforms) = postSolution
		{D00F158D-69BC-4C96-8062-3EC1082BBEB4}.Debug|Any CPU.ActiveCfg = Debug|Any CPU
		{D00F158D-69BC-4C96-8062-3EC1082BBEB4}.Debug|Any CPU.Build.0 = Debug|Any CPU
		{D00F158D-69BC-4C96-8062-3EC1082BBEB4}.Debug|x86.ActiveCfg = Debug|Any CPU
		{D00F158D-69BC-4C96-8062-3EC1082BBEB4}.Debug|x86.Build.0 = Debug|Any CPU
		{D00F158D-69BC-4C96-8062-3EC1082BBEB4}.Release|Any CPU.ActiveCfg = Release|Any CPU
		{D00F158D-69BC-4C96-8062-3EC1082BBEB4}.Release|Any CPU.Build.0 = Release|Any CPU
		{D00F158D-69BC-4C96-8062-3EC1082BBEB4}.Release|x86.ActiveCfg = Release|Any CPU
		{D00F158D-69BC-4C96-8062-3EC1082BBEB4}.Release|x86.Build.0 = Release|Any CPU
		{7F752D1F-2172-4608-BDC3-8CB71BB406B8}.Debug|Any CPU.ActiveCfg = Debug
		{7F752D1F-2172-4608-BDC3-8CB71BB406B8}.Debug|x86.ActiveCfg = Debug
		{7F752D1F-2172-4608-BDC3-8CB71BB406B8}.Release|Any CPU.ActiveCfg = Release
		{7F752D1F-2172-4608-BDC3-8CB71BB406B8}.Release|x86.ActiveCfg = Release
		{A38434CF-EAFA-4698-8661-BC3AEE14D61C}.Debug|Any CPU.ActiveCfg = Debug|Any CPU
		{A38434CF-EAFA-4698-8661-BC3AEE14D61C}.Debug|Any CPU.Build.0 = Debug|Any CPU
		{A38434CF-EAFA-4698-8661-BC3AEE14D61C}.Debug|x86.ActiveCfg = Debug|Any CPU
		{A38434CF-EAFA-4698-8661-BC3AEE14D61C}.Debug|x86.Build.0 = Debug|Any CPU
		{A38434CF-EAFA-4698-8661-BC3AEE14D61C}.Release|Any CPU.ActiveCfg = Release|Any CPU
		{A38434CF-EAFA-4698-8661-BC3AEE14D61C}.Release|Any CPU.Build.0 = Release|Any CPU
		{A38434CF-EAFA-4698-8661-BC3AEE14D61C}.Release|x86.ActiveCfg = Release|Any CPU
		{A38434CF-EAFA-4698-8661-BC3AEE14D61C}.Release|x86.Build.0 = Release|Any CPU
		{666C8FBF-DFE9-4839-A8CB-C94D8A6C5D43}.Debug|Any CPU.ActiveCfg = Debug|Any CPU
		{666C8FBF-DFE9-4839-A8CB-C94D8A6C5D43}.Debug|Any CPU.Build.0 = Debug|Any CPU
		{666C8FBF-DFE9-4839-A8CB-C94D8A6C5D43}.Debug|x86.ActiveCfg = Debug|Any CPU
		{666C8FBF-DFE9-4839-A8CB-C94D8A6C5D43}.Debug|x86.Build.0 = Debug|Any CPU
		{666C8FBF-DFE9-4839-A8CB-C94D8A6C5D43}.Release|Any CPU.ActiveCfg = Release|Any CPU
		{666C8FBF-DFE9-4839-A8CB-C94D8A6C5D43}.Release|Any CPU.Build.0 = Release|Any CPU
		{666C8FBF-DFE9-4839-A8CB-C94D8A6C5D43}.Release|x86.ActiveCfg = Release|Any CPU
		{666C8FBF-DFE9-4839-A8CB-C94D8A6C5D43}.Release|x86.Build.0 = Release|Any CPU
		{B80C46F4-1948-469D-B1B6-DBA9DA08C359}.Debug|Any CPU.ActiveCfg = Debug
		{B80C46F4-1948-469D-B1B6-DBA9DA08C359}.Debug|x86.ActiveCfg = Debug
		{B80C46F4-1948-469D-B1B6-DBA9DA08C359}.Release|Any CPU.ActiveCfg = Release
		{B80C46F4-1948-469D-B1B6-DBA9DA08C359}.Release|x86.ActiveCfg = Release
		{5B7293C5-3B23-4411-812B-F1794794302D}.Debug|Any CPU.ActiveCfg = Debug|Any CPU
		{5B7293C5-3B23-4411-812B-F1794794302D}.Debug|Any CPU.Build.0 = Debug|Any CPU
		{5B7293C5-3B23-4411-812B-F1794794302D}.Debug|x86.ActiveCfg = Debug|Any CPU
		{5B7293C5-3B23-4411-812B-F1794794302D}.Debug|x86.Build.0 = Debug|Any CPU
		{5B7293C5-3B23-4411-812B-F1794794302D}.Release|Any CPU.ActiveCfg = Release|Any CPU
		{5B7293C5-3B23-4411-812B-F1794794302D}.Release|Any CPU.Build.0 = Release|Any CPU
		{5B7293C5-3B23-4411-812B-F1794794302D}.Release|x86.ActiveCfg = Release|Any CPU
		{5B7293C5-3B23-4411-812B-F1794794302D}.Release|x86.Build.0 = Release|Any CPU
		{F0413BE0-1E33-4174-A92B-EC59C25A5313}.Debug|Any CPU.ActiveCfg = Debug|Any CPU
		{F0413BE0-1E33-4174-A92B-EC59C25A5313}.Debug|Any CPU.Build.0 = Debug|Any CPU
		{F0413BE0-1E33-4174-A92B-EC59C25A5313}.Debug|x86.ActiveCfg = Debug|Any CPU
		{F0413BE0-1E33-4174-A92B-EC59C25A5313}.Debug|x86.Build.0 = Debug|Any CPU
		{F0413BE0-1E33-4174-A92B-EC59C25A5313}.Release|Any CPU.ActiveCfg = Release|Any CPU
		{F0413BE0-1E33-4174-A92B-EC59C25A5313}.Release|Any CPU.Build.0 = Release|Any CPU
		{F0413BE0-1E33-4174-A92B-EC59C25A5313}.Release|x86.ActiveCfg = Release|Any CPU
		{F0413BE0-1E33-4174-A92B-EC59C25A5313}.Release|x86.Build.0 = Release|Any CPU
		{E1B02379-B21F-4148-962B-A94E66DD2BF3}.Debug|Any CPU.ActiveCfg = Debug|Any CPU
		{E1B02379-B21F-4148-962B-A94E66DD2BF3}.Debug|Any CPU.Build.0 = Debug|Any CPU
		{E1B02379-B21F-4148-962B-A94E66DD2BF3}.Debug|x86.ActiveCfg = Debug|Any CPU
		{E1B02379-B21F-4148-962B-A94E66DD2BF3}.Debug|x86.Build.0 = Debug|Any CPU
		{E1B02379-B21F-4148-962B-A94E66DD2BF3}.Release|Any CPU.ActiveCfg = Release|Any CPU
		{E1B02379-B21F-4148-962B-A94E66DD2BF3}.Release|Any CPU.Build.0 = Release|Any CPU
		{E1B02379-B21F-4148-962B-A94E66DD2BF3}.Release|x86.ActiveCfg = Release|Any CPU
		{E1B02379-B21F-4148-962B-A94E66DD2BF3}.Release|x86.Build.0 = Release|Any CPU
		{498A4BF5-54F0-48F8-9988-A67BD8E38047}.Debug|Any CPU.ActiveCfg = Debug|Any CPU
		{498A4BF5-54F0-48F8-9988-A67BD8E38047}.Debug|Any CPU.Build.0 = Debug|Any CPU
		{498A4BF5-54F0-48F8-9988-A67BD8E38047}.Debug|x86.ActiveCfg = Debug|Any CPU
		{498A4BF5-54F0-48F8-9988-A67BD8E38047}.Debug|x86.Build.0 = Debug|Any CPU
		{498A4BF5-54F0-48F8-9988-A67BD8E38047}.Release|Any CPU.ActiveCfg = Release|Any CPU
		{498A4BF5-54F0-48F8-9988-A67BD8E38047}.Release|Any CPU.Build.0 = Release|Any CPU
		{498A4BF5-54F0-48F8-9988-A67BD8E38047}.Release|x86.ActiveCfg = Release|Any CPU
		{498A4BF5-54F0-48F8-9988-A67BD8E38047}.Release|x86.Build.0 = Release|Any CPU
		{3D798D9A-BD11-4699-8DE1-544871E79069}.Debug|Any CPU.ActiveCfg = Debug
		{3D798D9A-BD11-4699-8DE1-544871E79069}.Debug|x86.ActiveCfg = Debug
		{3D798D9A-BD11-4699-8DE1-544871E79069}.Debug|x86.Build.0 = Debug
		{3D798D9A-BD11-4699-8DE1-544871E79069}.Release|Any CPU.ActiveCfg = Release
		{3D798D9A-BD11-4699-8DE1-544871E79069}.Release|x86.ActiveCfg = Release
		{3D798D9A-BD11-4699-8DE1-544871E79069}.Release|x86.Build.0 = Release
		{645B2E5B-5673-467D-98C8-FA0310F8E298}.Debug|Any CPU.ActiveCfg = Debug|Any CPU
		{645B2E5B-5673-467D-98C8-FA0310F8E298}.Debug|Any CPU.Build.0 = Debug|Any CPU
		{645B2E5B-5673-467D-98C8-FA0310F8E298}.Debug|x86.ActiveCfg = Debug|Any CPU
		{645B2E5B-5673-467D-98C8-FA0310F8E298}.Debug|x86.Build.0 = Debug|Any CPU
		{645B2E5B-5673-467D-98C8-FA0310F8E298}.Release|Any CPU.ActiveCfg = Release|Any CPU
		{645B2E5B-5673-467D-98C8-FA0310F8E298}.Release|Any CPU.Build.0 = Release|Any CPU
		{645B2E5B-5673-467D-98C8-FA0310F8E298}.Release|x86.ActiveCfg = Release|Any CPU
		{645B2E5B-5673-467D-98C8-FA0310F8E298}.Release|x86.Build.0 = Release|Any CPU
		{E67A8FB1-FEFA-4236-9F59-577582CA0D34}.Debug|Any CPU.ActiveCfg = Debug|Any CPU
		{E67A8FB1-FEFA-4236-9F59-577582CA0D34}.Debug|Any CPU.Build.0 = Debug|Any CPU
		{E67A8FB1-FEFA-4236-9F59-577582CA0D34}.Debug|x86.ActiveCfg = Debug|Any CPU
		{E67A8FB1-FEFA-4236-9F59-577582CA0D34}.Debug|x86.Build.0 = Debug|Any CPU
		{E67A8FB1-FEFA-4236-9F59-577582CA0D34}.Release|Any CPU.ActiveCfg = Release|Any CPU
		{E67A8FB1-FEFA-4236-9F59-577582CA0D34}.Release|Any CPU.Build.0 = Release|Any CPU
		{E67A8FB1-FEFA-4236-9F59-577582CA0D34}.Release|x86.ActiveCfg = Release|Any CPU
		{E67A8FB1-FEFA-4236-9F59-577582CA0D34}.Release|x86.Build.0 = Release|Any CPU
		{74243393-02CF-4627-947F-15922127D03F}.Debug|Any CPU.ActiveCfg = Debug|Any CPU
		{74243393-02CF-4627-947F-15922127D03F}.Debug|Any CPU.Build.0 = Debug|Any CPU
		{74243393-02CF-4627-947F-15922127D03F}.Debug|x86.ActiveCfg = Debug|Any CPU
		{74243393-02CF-4627-947F-15922127D03F}.Debug|x86.Build.0 = Debug|Any CPU
		{74243393-02CF-4627-947F-15922127D03F}.Release|Any CPU.ActiveCfg = Release|Any CPU
		{74243393-02CF-4627-947F-15922127D03F}.Release|Any CPU.Build.0 = Release|Any CPU
		{74243393-02CF-4627-947F-15922127D03F}.Release|x86.ActiveCfg = Release|Any CPU
		{74243393-02CF-4627-947F-15922127D03F}.Release|x86.Build.0 = Release|Any CPU
		{16C0ADC1-7ECE-4A00-9BC6-B24A855634B6}.Debug|Any CPU.ActiveCfg = Debug|Any CPU
		{16C0ADC1-7ECE-4A00-9BC6-B24A855634B6}.Debug|Any CPU.Build.0 = Debug|Any CPU
		{16C0ADC1-7ECE-4A00-9BC6-B24A855634B6}.Debug|x86.ActiveCfg = Debug|Any CPU
		{16C0ADC1-7ECE-4A00-9BC6-B24A855634B6}.Debug|x86.Build.0 = Debug|Any CPU
		{16C0ADC1-7ECE-4A00-9BC6-B24A855634B6}.Release|Any CPU.ActiveCfg = Release|Any CPU
		{16C0ADC1-7ECE-4A00-9BC6-B24A855634B6}.Release|Any CPU.Build.0 = Release|Any CPU
		{16C0ADC1-7ECE-4A00-9BC6-B24A855634B6}.Release|x86.ActiveCfg = Release|Any CPU
		{16C0ADC1-7ECE-4A00-9BC6-B24A855634B6}.Release|x86.Build.0 = Release|Any CPU
		{9EC190E6-11D5-419C-B53C-B8D2A903DEC9}.Debug|Any CPU.ActiveCfg = Debug|Any CPU
		{9EC190E6-11D5-419C-B53C-B8D2A903DEC9}.Debug|Any CPU.Build.0 = Debug|Any CPU
		{9EC190E6-11D5-419C-B53C-B8D2A903DEC9}.Debug|x86.ActiveCfg = Debug|Any CPU
		{9EC190E6-11D5-419C-B53C-B8D2A903DEC9}.Debug|x86.Build.0 = Debug|Any CPU
		{9EC190E6-11D5-419C-B53C-B8D2A903DEC9}.Release|Any CPU.ActiveCfg = Release|Any CPU
		{9EC190E6-11D5-419C-B53C-B8D2A903DEC9}.Release|Any CPU.Build.0 = Release|Any CPU
		{9EC190E6-11D5-419C-B53C-B8D2A903DEC9}.Release|x86.ActiveCfg = Release|Any CPU
		{9EC190E6-11D5-419C-B53C-B8D2A903DEC9}.Release|x86.Build.0 = Release|Any CPU
		{1A992B4A-352E-4BA8-A993-6DCF8EE046C9}.Debug|Any CPU.ActiveCfg = Debug|Any CPU
		{1A992B4A-352E-4BA8-A993-6DCF8EE046C9}.Debug|Any CPU.Build.0 = Debug|Any CPU
		{1A992B4A-352E-4BA8-A993-6DCF8EE046C9}.Debug|x86.ActiveCfg = Debug|Any CPU
		{1A992B4A-352E-4BA8-A993-6DCF8EE046C9}.Debug|x86.Build.0 = Debug|Any CPU
		{1A992B4A-352E-4BA8-A993-6DCF8EE046C9}.Release|Any CPU.ActiveCfg = Release|Any CPU
		{1A992B4A-352E-4BA8-A993-6DCF8EE046C9}.Release|Any CPU.Build.0 = Release|Any CPU
		{1A992B4A-352E-4BA8-A993-6DCF8EE046C9}.Release|x86.ActiveCfg = Release|Any CPU
		{1A992B4A-352E-4BA8-A993-6DCF8EE046C9}.Release|x86.Build.0 = Release|Any CPU
		{CD52CC1B-E767-484A-ABB3-9FF8B69F6BD0}.Debug|Any CPU.ActiveCfg = Debug|Any CPU
		{CD52CC1B-E767-484A-ABB3-9FF8B69F6BD0}.Debug|Any CPU.Build.0 = Debug|Any CPU
		{CD52CC1B-E767-484A-ABB3-9FF8B69F6BD0}.Debug|x86.ActiveCfg = Debug|x86
		{CD52CC1B-E767-484A-ABB3-9FF8B69F6BD0}.Debug|x86.Build.0 = Debug|x86
		{CD52CC1B-E767-484A-ABB3-9FF8B69F6BD0}.Release|Any CPU.ActiveCfg = Release|Any CPU
		{CD52CC1B-E767-484A-ABB3-9FF8B69F6BD0}.Release|Any CPU.Build.0 = Release|Any CPU
		{CD52CC1B-E767-484A-ABB3-9FF8B69F6BD0}.Release|x86.ActiveCfg = Release|x86
		{CD52CC1B-E767-484A-ABB3-9FF8B69F6BD0}.Release|x86.Build.0 = Release|x86
		{DC7F27CF-BAD1-4F90-B244-B3504928D779}.Debug|Any CPU.ActiveCfg = Debug
		{DC7F27CF-BAD1-4F90-B244-B3504928D779}.Debug|x86.ActiveCfg = Debug
		{DC7F27CF-BAD1-4F90-B244-B3504928D779}.Release|Any CPU.ActiveCfg = Release
		{DC7F27CF-BAD1-4F90-B244-B3504928D779}.Release|x86.ActiveCfg = Release
	EndGlobalSection
	GlobalSection(SolutionProperties) = preSolution
		HideSolutionNode = FALSE
	EndGlobalSection
	GlobalSection(ExtensibilityGlobals) = postSolution
		SolutionGuid = {A9C30B7B-FC59-4014-B37D-31BC48028E66}
	EndGlobalSection
EndGlobal
